// !$*UTF8*$!
{
	archiveVersion = 1;
	classes = {
	};
	objectVersion = 46;
	objects = {

/* Begin PBXBuildFile section */
		220F76A821100F9A0083E219 /* LMAudioRecordViewController.m in Sources */ = {isa = PBXBuildFile; fileRef = 220F76A421100F9A0083E219 /* LMAudioRecordViewController.m */; };
		220F76A921100F9A0083E219 /* LMAudioPlayViewController.m in Sources */ = {isa = PBXBuildFile; fileRef = 220F76A521100F9A0083E219 /* LMAudioPlayViewController.m */; };
		220F76AA21100F9A0083E219 /* LMAudioViewController.m in Sources */ = {isa = PBXBuildFile; fileRef = 220F76A621100F9A0083E219 /* LMAudioViewController.m */; };
		220F76AB21100F9A0083E219 /* LMAudioReplicatorAnimationView.m in Sources */ = {isa = PBXBuildFile; fileRef = 220F76A721100F9A0083E219 /* LMAudioReplicatorAnimationView.m */; };
		220FE3871F79FC780090F1F0 /* LMRefreshBaseView.m in Sources */ = {isa = PBXBuildFile; fileRef = 220FE3861F79FC780090F1F0 /* LMRefreshBaseView.m */; };
		220FE38A1F7A2D1A0090F1F0 /* MAYRefreshHeaderView.m in Sources */ = {isa = PBXBuildFile; fileRef = 220FE3891F7A2D1A0090F1F0 /* MAYRefreshHeaderView.m */; };
		220FE38D1F7A44930090F1F0 /* UIScrollView+LMRefreshHeaderView.m in Sources */ = {isa = PBXBuildFile; fileRef = 220FE38C1F7A44930090F1F0 /* UIScrollView+LMRefreshHeaderView.m */; };
		220FE3901F7A46190090F1F0 /* LMRefreshTestViewController.m in Sources */ = {isa = PBXBuildFile; fileRef = 220FE38F1F7A46190090F1F0 /* LMRefreshTestViewController.m */; };
		220FE3921F7A4A560090F1F0 /* ImageIcon.xcassets in Resources */ = {isa = PBXBuildFile; fileRef = 220FE3911F7A4A560090F1F0 /* ImageIcon.xcassets */; };
		222D0F6E20849E5D00D90AD3 /* LMThreadSafeTestViewController.m in Sources */ = {isa = PBXBuildFile; fileRef = 222D0F6D20849E5D00D90AD3 /* LMThreadSafeTestViewController.m */; };
		22370A141F2F272A005E30D9 /* LMRunloopViewController.m in Sources */ = {isa = PBXBuildFile; fileRef = 22370A131F2F272A005E30D9 /* LMRunloopViewController.m */; };
		22370A171F2F274E005E30D9 /* LMRumtimeViewController.m in Sources */ = {isa = PBXBuildFile; fileRef = 22370A161F2F274E005E30D9 /* LMRumtimeViewController.m */; };
		22370A1A1F2F2779005E30D9 /* LMKVOViewController.m in Sources */ = {isa = PBXBuildFile; fileRef = 22370A191F2F2779005E30D9 /* LMKVOViewController.m */; };
		22370A1D1F2F2787005E30D9 /* LMKVCViewController.m in Sources */ = {isa = PBXBuildFile; fileRef = 22370A1C1F2F2787005E30D9 /* LMKVCViewController.m */; };
		224025E22016D62200104A6A /* LMRuntimeBasicTestViewController.m in Sources */ = {isa = PBXBuildFile; fileRef = 224025E12016D62200104A6A /* LMRuntimeBasicTestViewController.m */; };
		2241F13C1E6956370063B144 /* RuntimeKit.m in Sources */ = {isa = PBXBuildFile; fileRef = 2241F13B1E6956370063B144 /* RuntimeKit.m */; };
		2241F13F1E695D830063B144 /* RuntimeTestClass.m in Sources */ = {isa = PBXBuildFile; fileRef = 2241F13E1E695D830063B144 /* RuntimeTestClass.m */; };
		2242C6961E5ABE4F0054F889 /* main.m in Sources */ = {isa = PBXBuildFile; fileRef = 2242C6951E5ABE4F0054F889 /* main.m */; };
		2242C6991E5ABE4F0054F889 /* AppDelegate.m in Sources */ = {isa = PBXBuildFile; fileRef = 2242C6981E5ABE4F0054F889 /* AppDelegate.m */; };
		2242C69C1E5ABE4F0054F889 /* LMRootViewController.m in Sources */ = {isa = PBXBuildFile; fileRef = 2242C69B1E5ABE4F0054F889 /* LMRootViewController.m */; };
		2242C69F1E5ABE4F0054F889 /* Main.storyboard in Resources */ = {isa = PBXBuildFile; fileRef = 2242C69D1E5ABE4F0054F889 /* Main.storyboard */; };
		2242C6A21E5ABE4F0054F889 /* LMStudyBasicDemo.xcdatamodeld in Sources */ = {isa = PBXBuildFile; fileRef = 2242C6A01E5ABE4F0054F889 /* LMStudyBasicDemo.xcdatamodeld */; };
		2242C6A41E5ABE4F0054F889 /* Assets.xcassets in Resources */ = {isa = PBXBuildFile; fileRef = 2242C6A31E5ABE4F0054F889 /* Assets.xcassets */; };
		2242C6A71E5ABE4F0054F889 /* LaunchScreen.storyboard in Resources */ = {isa = PBXBuildFile; fileRef = 2242C6A51E5ABE4F0054F889 /* LaunchScreen.storyboard */; };
		2242C6B21E5ABE4F0054F889 /* LMStudyBasicDemoTests.m in Sources */ = {isa = PBXBuildFile; fileRef = 2242C6B11E5ABE4F0054F889 /* LMStudyBasicDemoTests.m */; };
		2242C6BD1E5ABE4F0054F889 /* LMStudyBasicDemoUITests.m in Sources */ = {isa = PBXBuildFile; fileRef = 2242C6BC1E5ABE4F0054F889 /* LMStudyBasicDemoUITests.m */; };
		2242C6CC1E5AC0EE0054F889 /* NSObject+KVO.m in Sources */ = {isa = PBXBuildFile; fileRef = 2242C6CB1E5AC0EE0054F889 /* NSObject+KVO.m */; };
		22454E60202D52EB0042A016 /* LMLockViewController.m in Sources */ = {isa = PBXBuildFile; fileRef = 22454E5F202D52EB0042A016 /* LMLockViewController.m */; };
		225DE3EB202AF4C800C42407 /* AspectProxy.m in Sources */ = {isa = PBXBuildFile; fileRef = 225DE3EA202AF4C800C42407 /* AspectProxy.m */; };
		225FA7F61F3DA048001CBF16 /* LMTestKVCObject.m in Sources */ = {isa = PBXBuildFile; fileRef = 225FA7F51F3DA048001CBF16 /* LMTestKVCObject.m */; };
		225FA7FD1F3DB804001CBF16 /* UIButton+titleImageStyle.m in Sources */ = {isa = PBXBuildFile; fileRef = 225FA7FC1F3DB804001CBF16 /* UIButton+titleImageStyle.m */; };
		227297361F42956400B00B74 /* LMBasicDeviceInfoObject.m in Sources */ = {isa = PBXBuildFile; fileRef = 227297351F42956400B00B74 /* LMBasicDeviceInfoObject.m */; };
		227297391F43F3FF00B00B74 /* NSObject+LMDescription.m in Sources */ = {isa = PBXBuildFile; fileRef = 227297381F43F3FF00B00B74 /* NSObject+LMDescription.m */; };
		227C8C732048EA3C005899BB /* LMCoreAnimationMainViewController.m in Sources */ = {isa = PBXBuildFile; fileRef = 227C8C722048EA3C005899BB /* LMCoreAnimationMainViewController.m */; };
		227C8C762048EB8F005899BB /* QuartzCore.framework in Frameworks */ = {isa = PBXBuildFile; fileRef = 227C8C752048EB8F005899BB /* QuartzCore.framework */; };
		227C8C79204CDDAD005899BB /* LMClockView.m in Sources */ = {isa = PBXBuildFile; fileRef = 227C8C78204CDDAD005899BB /* LMClockView.m */; };
		227D7FC7206DE06A0075B5A5 /* LMThreadViewController.m in Sources */ = {isa = PBXBuildFile; fileRef = 227D7FC6206DE06A0075B5A5 /* LMThreadViewController.m */; };
		228DC1E41FA321EC002AA12B /* AnimatedGIFImageSerialization.m in Sources */ = {isa = PBXBuildFile; fileRef = 228DC1E31FA321EC002AA12B /* AnimatedGIFImageSerialization.m */; };
		228DC1F31FA3244D002AA12B /* UIScrollView+CYPullRefresh.m in Sources */ = {isa = PBXBuildFile; fileRef = 228DC1F21FA3244D002AA12B /* UIScrollView+CYPullRefresh.m */; };
		228EAB0D205674C8005D478A /* LMScrollLayerView.m in Sources */ = {isa = PBXBuildFile; fileRef = 228EAB0C205674C8005D478A /* LMScrollLayerView.m */; };
		22ADDECA2090663000EF9E51 /* MAYCustomMainThreadWatcher.m in Sources */ = {isa = PBXBuildFile; fileRef = 22ADDEC92090663000EF9E51 /* MAYCustomMainThreadWatcher.m */; };
		22DFF89B20CFB23400C013A8 /* NSObject+AddNotifyEvent.m in Sources */ = {isa = PBXBuildFile; fileRef = 22DFF89A20CFB23400C013A8 /* NSObject+AddNotifyEvent.m */; };
/* End PBXBuildFile section */

/* Begin PBXContainerItemProxy section */
		2242C6AE1E5ABE4F0054F889 /* PBXContainerItemProxy */ = {
			isa = PBXContainerItemProxy;
			containerPortal = 2242C6891E5ABE4F0054F889 /* Project object */;
			proxyType = 1;
			remoteGlobalIDString = 2242C6901E5ABE4F0054F889;
			remoteInfo = LMStudyBasicDemo;
		};
		2242C6B91E5ABE4F0054F889 /* PBXContainerItemProxy */ = {
			isa = PBXContainerItemProxy;
			containerPortal = 2242C6891E5ABE4F0054F889 /* Project object */;
			proxyType = 1;
			remoteGlobalIDString = 2242C6901E5ABE4F0054F889;
			remoteInfo = LMStudyBasicDemo;
		};
/* End PBXContainerItemProxy section */

/* Begin PBXFileReference section */
		220F76A021100F9A0083E219 /* LMAudioPlayViewController.h */ = {isa = PBXFileReference; fileEncoding = 4; lastKnownFileType = sourcecode.c.h; path = LMAudioPlayViewController.h; sourceTree = "<group>"; };
		220F76A121100F9A0083E219 /* LMAudioRecordViewController.h */ = {isa = PBXFileReference; fileEncoding = 4; lastKnownFileType = sourcecode.c.h; path = LMAudioRecordViewController.h; sourceTree = "<group>"; };
		220F76A221100F9A0083E219 /* LMAudioReplicatorAnimationView.h */ = {isa = PBXFileReference; fileEncoding = 4; lastKnownFileType = sourcecode.c.h; path = LMAudioReplicatorAnimationView.h; sourceTree = "<group>"; };
		220F76A321100F9A0083E219 /* LMAudioViewController.h */ = {isa = PBXFileReference; fileEncoding = 4; lastKnownFileType = sourcecode.c.h; path = LMAudioViewController.h; sourceTree = "<group>"; };
		220F76A421100F9A0083E219 /* LMAudioRecordViewController.m */ = {isa = PBXFileReference; fileEncoding = 4; lastKnownFileType = sourcecode.c.objc; path = LMAudioRecordViewController.m; sourceTree = "<group>"; };
		220F76A521100F9A0083E219 /* LMAudioPlayViewController.m */ = {isa = PBXFileReference; fileEncoding = 4; lastKnownFileType = sourcecode.c.objc; path = LMAudioPlayViewController.m; sourceTree = "<group>"; };
		220F76A621100F9A0083E219 /* LMAudioViewController.m */ = {isa = PBXFileReference; fileEncoding = 4; lastKnownFileType = sourcecode.c.objc; path = LMAudioViewController.m; sourceTree = "<group>"; };
		220F76A721100F9A0083E219 /* LMAudioReplicatorAnimationView.m */ = {isa = PBXFileReference; fileEncoding = 4; lastKnownFileType = sourcecode.c.objc; path = LMAudioReplicatorAnimationView.m; sourceTree = "<group>"; };
		220FE3851F79FC780090F1F0 /* LMRefreshBaseView.h */ = {isa = PBXFileReference; lastKnownFileType = sourcecode.c.h; path = LMRefreshBaseView.h; sourceTree = "<group>"; };
		220FE3861F79FC780090F1F0 /* LMRefreshBaseView.m */ = {isa = PBXFileReference; lastKnownFileType = sourcecode.c.objc; path = LMRefreshBaseView.m; sourceTree = "<group>"; };
		220FE3881F7A2D1A0090F1F0 /* MAYRefreshHeaderView.h */ = {isa = PBXFileReference; lastKnownFileType = sourcecode.c.h; path = MAYRefreshHeaderView.h; sourceTree = "<group>"; };
		220FE3891F7A2D1A0090F1F0 /* MAYRefreshHeaderView.m */ = {isa = PBXFileReference; lastKnownFileType = sourcecode.c.objc; path = MAYRefreshHeaderView.m; sourceTree = "<group>"; };
		220FE38B1F7A44930090F1F0 /* UIScrollView+LMRefreshHeaderView.h */ = {isa = PBXFileReference; lastKnownFileType = sourcecode.c.h; path = "UIScrollView+LMRefreshHeaderView.h"; sourceTree = "<group>"; };
		220FE38C1F7A44930090F1F0 /* UIScrollView+LMRefreshHeaderView.m */ = {isa = PBXFileReference; lastKnownFileType = sourcecode.c.objc; path = "UIScrollView+LMRefreshHeaderView.m"; sourceTree = "<group>"; };
		220FE38E1F7A46190090F1F0 /* LMRefreshTestViewController.h */ = {isa = PBXFileReference; lastKnownFileType = sourcecode.c.h; path = LMRefreshTestViewController.h; sourceTree = "<group>"; };
		220FE38F1F7A46190090F1F0 /* LMRefreshTestViewController.m */ = {isa = PBXFileReference; lastKnownFileType = sourcecode.c.objc; path = LMRefreshTestViewController.m; sourceTree = "<group>"; };
		220FE3911F7A4A560090F1F0 /* ImageIcon.xcassets */ = {isa = PBXFileReference; lastKnownFileType = folder.assetcatalog; path = ImageIcon.xcassets; sourceTree = "<group>"; };
		222D0F6C20849E5D00D90AD3 /* LMThreadSafeTestViewController.h */ = {isa = PBXFileReference; lastKnownFileType = sourcecode.c.h; path = LMThreadSafeTestViewController.h; sourceTree = "<group>"; };
		222D0F6D20849E5D00D90AD3 /* LMThreadSafeTestViewController.m */ = {isa = PBXFileReference; lastKnownFileType = sourcecode.c.objc; path = LMThreadSafeTestViewController.m; sourceTree = "<group>"; };
		22370A121F2F272A005E30D9 /* LMRunloopViewController.h */ = {isa = PBXFileReference; fileEncoding = 4; lastKnownFileType = sourcecode.c.h; path = LMRunloopViewController.h; sourceTree = "<group>"; };
		22370A131F2F272A005E30D9 /* LMRunloopViewController.m */ = {isa = PBXFileReference; fileEncoding = 4; lastKnownFileType = sourcecode.c.objc; path = LMRunloopViewController.m; sourceTree = "<group>"; };
		22370A151F2F274E005E30D9 /* LMRumtimeViewController.h */ = {isa = PBXFileReference; fileEncoding = 4; lastKnownFileType = sourcecode.c.h; path = LMRumtimeViewController.h; sourceTree = "<group>"; };
		22370A161F2F274E005E30D9 /* LMRumtimeViewController.m */ = {isa = PBXFileReference; fileEncoding = 4; lastKnownFileType = sourcecode.c.objc; path = LMRumtimeViewController.m; sourceTree = "<group>"; };
		22370A181F2F2779005E30D9 /* LMKVOViewController.h */ = {isa = PBXFileReference; fileEncoding = 4; lastKnownFileType = sourcecode.c.h; path = LMKVOViewController.h; sourceTree = "<group>"; };
		22370A191F2F2779005E30D9 /* LMKVOViewController.m */ = {isa = PBXFileReference; fileEncoding = 4; lastKnownFileType = sourcecode.c.objc; path = LMKVOViewController.m; sourceTree = "<group>"; };
		22370A1B1F2F2787005E30D9 /* LMKVCViewController.h */ = {isa = PBXFileReference; fileEncoding = 4; lastKnownFileType = sourcecode.c.h; path = LMKVCViewController.h; sourceTree = "<group>"; };
		22370A1C1F2F2787005E30D9 /* LMKVCViewController.m */ = {isa = PBXFileReference; fileEncoding = 4; lastKnownFileType = sourcecode.c.objc; path = LMKVCViewController.m; sourceTree = "<group>"; };
		224025E02016D62200104A6A /* LMRuntimeBasicTestViewController.h */ = {isa = PBXFileReference; lastKnownFileType = sourcecode.c.h; path = LMRuntimeBasicTestViewController.h; sourceTree = "<group>"; };
		224025E12016D62200104A6A /* LMRuntimeBasicTestViewController.m */ = {isa = PBXFileReference; lastKnownFileType = sourcecode.c.objc; path = LMRuntimeBasicTestViewController.m; sourceTree = "<group>"; };
		2241F13A1E6956370063B144 /* RuntimeKit.h */ = {isa = PBXFileReference; fileEncoding = 4; lastKnownFileType = sourcecode.c.h; path = RuntimeKit.h; sourceTree = "<group>"; };
		2241F13B1E6956370063B144 /* RuntimeKit.m */ = {isa = PBXFileReference; fileEncoding = 4; lastKnownFileType = sourcecode.c.objc; path = RuntimeKit.m; sourceTree = "<group>"; };
		2241F13D1E695D830063B144 /* RuntimeTestClass.h */ = {isa = PBXFileReference; fileEncoding = 4; lastKnownFileType = sourcecode.c.h; path = RuntimeTestClass.h; sourceTree = "<group>"; };
		2241F13E1E695D830063B144 /* RuntimeTestClass.m */ = {isa = PBXFileReference; fileEncoding = 4; lastKnownFileType = sourcecode.c.objc; path = RuntimeTestClass.m; sourceTree = "<group>"; };
		2242C6911E5ABE4F0054F889 /* LMStudyBasicDemo.app */ = {isa = PBXFileReference; explicitFileType = wrapper.application; includeInIndex = 0; path = LMStudyBasicDemo.app; sourceTree = BUILT_PRODUCTS_DIR; };
		2242C6951E5ABE4F0054F889 /* main.m */ = {isa = PBXFileReference; lastKnownFileType = sourcecode.c.objc; path = main.m; sourceTree = "<group>"; };
		2242C6971E5ABE4F0054F889 /* AppDelegate.h */ = {isa = PBXFileReference; lastKnownFileType = sourcecode.c.h; path = AppDelegate.h; sourceTree = "<group>"; };
		2242C6981E5ABE4F0054F889 /* AppDelegate.m */ = {isa = PBXFileReference; lastKnownFileType = sourcecode.c.objc; path = AppDelegate.m; sourceTree = "<group>"; };
		2242C69A1E5ABE4F0054F889 /* LMRootViewController.h */ = {isa = PBXFileReference; lastKnownFileType = sourcecode.c.h; path = LMRootViewController.h; sourceTree = "<group>"; };
		2242C69B1E5ABE4F0054F889 /* LMRootViewController.m */ = {isa = PBXFileReference; lastKnownFileType = sourcecode.c.objc; path = LMRootViewController.m; sourceTree = "<group>"; };
		2242C69E1E5ABE4F0054F889 /* Base */ = {isa = PBXFileReference; lastKnownFileType = file.storyboard; name = Base; path = Base.lproj/Main.storyboard; sourceTree = "<group>"; };
		2242C6A11E5ABE4F0054F889 /* LMStudyBasicDemo.xcdatamodel */ = {isa = PBXFileReference; lastKnownFileType = wrapper.xcdatamodel; path = LMStudyBasicDemo.xcdatamodel; sourceTree = "<group>"; };
		2242C6A31E5ABE4F0054F889 /* Assets.xcassets */ = {isa = PBXFileReference; lastKnownFileType = folder.assetcatalog; path = Assets.xcassets; sourceTree = "<group>"; };
		2242C6A61E5ABE4F0054F889 /* Base */ = {isa = PBXFileReference; lastKnownFileType = file.storyboard; name = Base; path = Base.lproj/LaunchScreen.storyboard; sourceTree = "<group>"; };
		2242C6A81E5ABE4F0054F889 /* Info.plist */ = {isa = PBXFileReference; lastKnownFileType = text.plist.xml; path = Info.plist; sourceTree = "<group>"; };
		2242C6AD1E5ABE4F0054F889 /* LMStudyBasicDemoTests.xctest */ = {isa = PBXFileReference; explicitFileType = wrapper.cfbundle; includeInIndex = 0; path = LMStudyBasicDemoTests.xctest; sourceTree = BUILT_PRODUCTS_DIR; };
		2242C6B11E5ABE4F0054F889 /* LMStudyBasicDemoTests.m */ = {isa = PBXFileReference; lastKnownFileType = sourcecode.c.objc; path = LMStudyBasicDemoTests.m; sourceTree = "<group>"; };
		2242C6B31E5ABE4F0054F889 /* Info.plist */ = {isa = PBXFileReference; lastKnownFileType = text.plist.xml; path = Info.plist; sourceTree = "<group>"; };
		2242C6B81E5ABE4F0054F889 /* LMStudyBasicDemoUITests.xctest */ = {isa = PBXFileReference; explicitFileType = wrapper.cfbundle; includeInIndex = 0; path = LMStudyBasicDemoUITests.xctest; sourceTree = BUILT_PRODUCTS_DIR; };
		2242C6BC1E5ABE4F0054F889 /* LMStudyBasicDemoUITests.m */ = {isa = PBXFileReference; lastKnownFileType = sourcecode.c.objc; path = LMStudyBasicDemoUITests.m; sourceTree = "<group>"; };
		2242C6BE1E5ABE4F0054F889 /* Info.plist */ = {isa = PBXFileReference; lastKnownFileType = text.plist.xml; path = Info.plist; sourceTree = "<group>"; };
		2242C6CA1E5AC0EE0054F889 /* NSObject+KVO.h */ = {isa = PBXFileReference; fileEncoding = 4; lastKnownFileType = sourcecode.c.h; path = "NSObject+KVO.h"; sourceTree = "<group>"; };
		2242C6CB1E5AC0EE0054F889 /* NSObject+KVO.m */ = {isa = PBXFileReference; fileEncoding = 4; lastKnownFileType = sourcecode.c.objc; path = "NSObject+KVO.m"; sourceTree = "<group>"; };
		22454E5E202D52EB0042A016 /* LMLockViewController.h */ = {isa = PBXFileReference; lastKnownFileType = sourcecode.c.h; path = LMLockViewController.h; sourceTree = "<group>"; };
		22454E5F202D52EB0042A016 /* LMLockViewController.m */ = {isa = PBXFileReference; lastKnownFileType = sourcecode.c.objc; path = LMLockViewController.m; sourceTree = "<group>"; };
		225DE3E9202AF4C800C42407 /* AspectProxy.h */ = {isa = PBXFileReference; lastKnownFileType = sourcecode.c.h; path = AspectProxy.h; sourceTree = "<group>"; };
		225DE3EA202AF4C800C42407 /* AspectProxy.m */ = {isa = PBXFileReference; lastKnownFileType = sourcecode.c.objc; path = AspectProxy.m; sourceTree = "<group>"; };
		225FA7F41F3DA048001CBF16 /* LMTestKVCObject.h */ = {isa = PBXFileReference; fileEncoding = 4; lastKnownFileType = sourcecode.c.h; path = LMTestKVCObject.h; sourceTree = "<group>"; };
		225FA7F51F3DA048001CBF16 /* LMTestKVCObject.m */ = {isa = PBXFileReference; fileEncoding = 4; lastKnownFileType = sourcecode.c.objc; path = LMTestKVCObject.m; sourceTree = "<group>"; };
		225FA7FB1F3DB804001CBF16 /* UIButton+titleImageStyle.h */ = {isa = PBXFileReference; fileEncoding = 4; lastKnownFileType = sourcecode.c.h; path = "UIButton+titleImageStyle.h"; sourceTree = "<group>"; };
		225FA7FC1F3DB804001CBF16 /* UIButton+titleImageStyle.m */ = {isa = PBXFileReference; fileEncoding = 4; lastKnownFileType = sourcecode.c.objc; path = "UIButton+titleImageStyle.m"; sourceTree = "<group>"; };
		227297341F42956400B00B74 /* LMBasicDeviceInfoObject.h */ = {isa = PBXFileReference; fileEncoding = 4; lastKnownFileType = sourcecode.c.h; path = LMBasicDeviceInfoObject.h; sourceTree = "<group>"; };
		227297351F42956400B00B74 /* LMBasicDeviceInfoObject.m */ = {isa = PBXFileReference; fileEncoding = 4; lastKnownFileType = sourcecode.c.objc; path = LMBasicDeviceInfoObject.m; sourceTree = "<group>"; };
		227297371F43F3FF00B00B74 /* NSObject+LMDescription.h */ = {isa = PBXFileReference; fileEncoding = 4; lastKnownFileType = sourcecode.c.h; path = "NSObject+LMDescription.h"; sourceTree = "<group>"; };
		227297381F43F3FF00B00B74 /* NSObject+LMDescription.m */ = {isa = PBXFileReference; fileEncoding = 4; lastKnownFileType = sourcecode.c.objc; path = "NSObject+LMDescription.m"; sourceTree = "<group>"; };
		227C8C712048EA3C005899BB /* LMCoreAnimationMainViewController.h */ = {isa = PBXFileReference; lastKnownFileType = sourcecode.c.h; path = LMCoreAnimationMainViewController.h; sourceTree = "<group>"; };
		227C8C722048EA3C005899BB /* LMCoreAnimationMainViewController.m */ = {isa = PBXFileReference; lastKnownFileType = sourcecode.c.objc; path = LMCoreAnimationMainViewController.m; sourceTree = "<group>"; };
		227C8C752048EB8F005899BB /* QuartzCore.framework */ = {isa = PBXFileReference; lastKnownFileType = wrapper.framework; name = QuartzCore.framework; path = System/Library/Frameworks/QuartzCore.framework; sourceTree = SDKROOT; };
		227C8C77204CDDAD005899BB /* LMClockView.h */ = {isa = PBXFileReference; lastKnownFileType = sourcecode.c.h; path = LMClockView.h; sourceTree = "<group>"; };
		227C8C78204CDDAD005899BB /* LMClockView.m */ = {isa = PBXFileReference; lastKnownFileType = sourcecode.c.objc; path = LMClockView.m; sourceTree = "<group>"; };
		227D7FC5206DE06A0075B5A5 /* LMThreadViewController.h */ = {isa = PBXFileReference; lastKnownFileType = sourcecode.c.h; path = LMThreadViewController.h; sourceTree = "<group>"; };
		227D7FC6206DE06A0075B5A5 /* LMThreadViewController.m */ = {isa = PBXFileReference; lastKnownFileType = sourcecode.c.objc; path = LMThreadViewController.m; sourceTree = "<group>"; };
		228DC1E21FA321EC002AA12B /* AnimatedGIFImageSerialization.h */ = {isa = PBXFileReference; fileEncoding = 4; lastKnownFileType = sourcecode.c.h; path = AnimatedGIFImageSerialization.h; sourceTree = "<group>"; };
		228DC1E31FA321EC002AA12B /* AnimatedGIFImageSerialization.m */ = {isa = PBXFileReference; fileEncoding = 4; lastKnownFileType = sourcecode.c.objc; path = AnimatedGIFImageSerialization.m; sourceTree = "<group>"; };
		228DC1F11FA3244D002AA12B /* UIScrollView+CYPullRefresh.h */ = {isa = PBXFileReference; fileEncoding = 4; lastKnownFileType = sourcecode.c.h; path = "UIScrollView+CYPullRefresh.h"; sourceTree = "<group>"; };
		228DC1F21FA3244D002AA12B /* UIScrollView+CYPullRefresh.m */ = {isa = PBXFileReference; fileEncoding = 4; lastKnownFileType = sourcecode.c.objc; path = "UIScrollView+CYPullRefresh.m"; sourceTree = "<group>"; };
		228EAB0B205674C8005D478A /* LMScrollLayerView.h */ = {isa = PBXFileReference; lastKnownFileType = sourcecode.c.h; path = LMScrollLayerView.h; sourceTree = "<group>"; };
		228EAB0C205674C8005D478A /* LMScrollLayerView.m */ = {isa = PBXFileReference; lastKnownFileType = sourcecode.c.objc; path = LMScrollLayerView.m; sourceTree = "<group>"; };
		22ADDEC82090663000EF9E51 /* MAYCustomMainThreadWatcher.h */ = {isa = PBXFileReference; fileEncoding = 4; lastKnownFileType = sourcecode.c.h; path = MAYCustomMainThreadWatcher.h; sourceTree = "<group>"; };
		22ADDEC92090663000EF9E51 /* MAYCustomMainThreadWatcher.m */ = {isa = PBXFileReference; fileEncoding = 4; lastKnownFileType = sourcecode.c.objc; path = MAYCustomMainThreadWatcher.m; sourceTree = "<group>"; };
		22DFF89920CFB23400C013A8 /* NSObject+AddNotifyEvent.h */ = {isa = PBXFileReference; lastKnownFileType = sourcecode.c.h; path = "NSObject+AddNotifyEvent.h"; sourceTree = "<group>"; };
		22DFF89A20CFB23400C013A8 /* NSObject+AddNotifyEvent.m */ = {isa = PBXFileReference; lastKnownFileType = sourcecode.c.objc; path = "NSObject+AddNotifyEvent.m"; sourceTree = "<group>"; };
/* End PBXFileReference section */

/* Begin PBXFrameworksBuildPhase section */
		2242C68E1E5ABE4F0054F889 /* Frameworks */ = {
			isa = PBXFrameworksBuildPhase;
			buildActionMask = 2147483647;
			files = (
				227C8C762048EB8F005899BB /* QuartzCore.framework in Frameworks */,
			);
			runOnlyForDeploymentPostprocessing = 0;
		};
		2242C6AA1E5ABE4F0054F889 /* Frameworks */ = {
			isa = PBXFrameworksBuildPhase;
			buildActionMask = 2147483647;
			files = (
			);
			runOnlyForDeploymentPostprocessing = 0;
		};
		2242C6B51E5ABE4F0054F889 /* Frameworks */ = {
			isa = PBXFrameworksBuildPhase;
			buildActionMask = 2147483647;
			files = (
			);
			runOnlyForDeploymentPostprocessing = 0;
		};
/* End PBXFrameworksBuildPhase section */

/* Begin PBXGroup section */
		220F769F21100F9A0083E219 /* Audio */ = {
			isa = PBXGroup;
			children = (
				220F76A021100F9A0083E219 /* LMAudioPlayViewController.h */,
				220F76A521100F9A0083E219 /* LMAudioPlayViewController.m */,
				220F76A121100F9A0083E219 /* LMAudioRecordViewController.h */,
				220F76A421100F9A0083E219 /* LMAudioRecordViewController.m */,
				220F76A221100F9A0083E219 /* LMAudioReplicatorAnimationView.h */,
				220F76A721100F9A0083E219 /* LMAudioReplicatorAnimationView.m */,
				220F76A321100F9A0083E219 /* LMAudioViewController.h */,
				220F76A621100F9A0083E219 /* LMAudioViewController.m */,
			);
			path = Audio;
			sourceTree = "<group>";
		};
		2242C6881E5ABE4F0054F889 = {
			isa = PBXGroup;
			children = (
				2242C6931E5ABE4F0054F889 /* LMStudyBasicDemo */,
				2242C6B01E5ABE4F0054F889 /* LMStudyBasicDemoTests */,
				2242C6BB1E5ABE4F0054F889 /* LMStudyBasicDemoUITests */,
				2242C6921E5ABE4F0054F889 /* Products */,
				227C8C742048EB8E005899BB /* Frameworks */,
			);
			sourceTree = "<group>";
		};
		2242C6921E5ABE4F0054F889 /* Products */ = {
			isa = PBXGroup;
			children = (
				2242C6911E5ABE4F0054F889 /* LMStudyBasicDemo.app */,
				2242C6AD1E5ABE4F0054F889 /* LMStudyBasicDemoTests.xctest */,
				2242C6B81E5ABE4F0054F889 /* LMStudyBasicDemoUITests.xctest */,
			);
			name = Products;
			sourceTree = "<group>";
		};
		2242C6931E5ABE4F0054F889 /* LMStudyBasicDemo */ = {
			isa = PBXGroup;
			children = (
				220F769F21100F9A0083E219 /* Audio */,
				22DFF89820CFB1BF00C013A8 /* Crash */,
				22ADDEC7209065F100EF9E51 /* instruments */,
				227D7FC4206DE00C0075B5A5 /* ConcurrencyProgramming */,
				227C8C702048EA22005899BB /* CoreAnimation */,
				22454E5D202D52810042A016 /* Lock */,
				228DC1EA1FA32294002AA12B /* KVO-KVC */,
				228DC1E91FA3227D002AA12B /* Runtime */,
				228DC1E81FA32264002AA12B /* RunLoop */,
				228DC1E71FA32246002AA12B /* UI Extension */,
				228DC1E61FA32229002AA12B /* BasicDeviceInfo */,
				228DC1E51FA321EF002AA12B /* RefreshView */,
				228DC1DE1FA32173002AA12B /* GIFImageSerialization */,
				228DC1EB1FA322C0002AA12B /* JS&Native */,
				2242C6971E5ABE4F0054F889 /* AppDelegate.h */,
				2242C6981E5ABE4F0054F889 /* AppDelegate.m */,
				2242C69A1E5ABE4F0054F889 /* LMRootViewController.h */,
				2242C69B1E5ABE4F0054F889 /* LMRootViewController.m */,
				227297371F43F3FF00B00B74 /* NSObject+LMDescription.h */,
				227297381F43F3FF00B00B74 /* NSObject+LMDescription.m */,
				2242C69D1E5ABE4F0054F889 /* Main.storyboard */,
				2242C6A31E5ABE4F0054F889 /* Assets.xcassets */,
				220FE3911F7A4A560090F1F0 /* ImageIcon.xcassets */,
				2242C6A51E5ABE4F0054F889 /* LaunchScreen.storyboard */,
				2242C6A81E5ABE4F0054F889 /* Info.plist */,
				2242C6A01E5ABE4F0054F889 /* LMStudyBasicDemo.xcdatamodeld */,
				2242C6941E5ABE4F0054F889 /* Supporting Files */,
			);
			path = LMStudyBasicDemo;
			sourceTree = "<group>";
		};
		2242C6941E5ABE4F0054F889 /* Supporting Files */ = {
			isa = PBXGroup;
			children = (
				2242C6951E5ABE4F0054F889 /* main.m */,
			);
			name = "Supporting Files";
			sourceTree = "<group>";
		};
		2242C6B01E5ABE4F0054F889 /* LMStudyBasicDemoTests */ = {
			isa = PBXGroup;
			children = (
				2242C6B11E5ABE4F0054F889 /* LMStudyBasicDemoTests.m */,
				2242C6B31E5ABE4F0054F889 /* Info.plist */,
			);
			path = LMStudyBasicDemoTests;
			sourceTree = "<group>";
		};
		2242C6BB1E5ABE4F0054F889 /* LMStudyBasicDemoUITests */ = {
			isa = PBXGroup;
			children = (
				2242C6BC1E5ABE4F0054F889 /* LMStudyBasicDemoUITests.m */,
				2242C6BE1E5ABE4F0054F889 /* Info.plist */,
			);
			path = LMStudyBasicDemoUITests;
			sourceTree = "<group>";
		};
		22454E5D202D52810042A016 /* Lock */ = {
			isa = PBXGroup;
			children = (
				22454E5E202D52EB0042A016 /* LMLockViewController.h */,
				22454E5F202D52EB0042A016 /* LMLockViewController.m */,
			);
			path = Lock;
			sourceTree = "<group>";
		};
		227C8C702048EA22005899BB /* CoreAnimation */ = {
			isa = PBXGroup;
			children = (
				227C8C712048EA3C005899BB /* LMCoreAnimationMainViewController.h */,
				227C8C722048EA3C005899BB /* LMCoreAnimationMainViewController.m */,
				227C8C77204CDDAD005899BB /* LMClockView.h */,
				227C8C78204CDDAD005899BB /* LMClockView.m */,
				228EAB0B205674C8005D478A /* LMScrollLayerView.h */,
				228EAB0C205674C8005D478A /* LMScrollLayerView.m */,
			);
			path = CoreAnimation;
			sourceTree = "<group>";
		};
		227C8C742048EB8E005899BB /* Frameworks */ = {
			isa = PBXGroup;
			children = (
				227C8C752048EB8F005899BB /* QuartzCore.framework */,
			);
			name = Frameworks;
			sourceTree = "<group>";
		};
		227D7FC4206DE00C0075B5A5 /* ConcurrencyProgramming */ = {
			isa = PBXGroup;
			children = (
				227D7FC5206DE06A0075B5A5 /* LMThreadViewController.h */,
				227D7FC6206DE06A0075B5A5 /* LMThreadViewController.m */,
				222D0F6C20849E5D00D90AD3 /* LMThreadSafeTestViewController.h */,
				222D0F6D20849E5D00D90AD3 /* LMThreadSafeTestViewController.m */,
			);
			path = ConcurrencyProgramming;
			sourceTree = "<group>";
		};
		228DC1DE1FA32173002AA12B /* GIFImageSerialization */ = {
			isa = PBXGroup;
			children = (
				228DC1E21FA321EC002AA12B /* AnimatedGIFImageSerialization.h */,
				228DC1E31FA321EC002AA12B /* AnimatedGIFImageSerialization.m */,
			);
			path = GIFImageSerialization;
			sourceTree = "<group>";
		};
		228DC1E51FA321EF002AA12B /* RefreshView */ = {
			isa = PBXGroup;
			children = (
				228DC1F01FA32431002AA12B /* CYPullRefresh */,
				220FE3851F79FC780090F1F0 /* LMRefreshBaseView.h */,
				220FE3861F79FC780090F1F0 /* LMRefreshBaseView.m */,
				220FE3881F7A2D1A0090F1F0 /* MAYRefreshHeaderView.h */,
				220FE3891F7A2D1A0090F1F0 /* MAYRefreshHeaderView.m */,
				220FE38B1F7A44930090F1F0 /* UIScrollView+LMRefreshHeaderView.h */,
				220FE38C1F7A44930090F1F0 /* UIScrollView+LMRefreshHeaderView.m */,
				220FE38E1F7A46190090F1F0 /* LMRefreshTestViewController.h */,
				220FE38F1F7A46190090F1F0 /* LMRefreshTestViewController.m */,
			);
			path = RefreshView;
			sourceTree = "<group>";
		};
		228DC1E61FA32229002AA12B /* BasicDeviceInfo */ = {
			isa = PBXGroup;
			children = (
				227297341F42956400B00B74 /* LMBasicDeviceInfoObject.h */,
				227297351F42956400B00B74 /* LMBasicDeviceInfoObject.m */,
			);
			path = BasicDeviceInfo;
			sourceTree = "<group>";
		};
		228DC1E71FA32246002AA12B /* UI Extension */ = {
			isa = PBXGroup;
			children = (
				225FA7FB1F3DB804001CBF16 /* UIButton+titleImageStyle.h */,
				225FA7FC1F3DB804001CBF16 /* UIButton+titleImageStyle.m */,
			);
			path = "UI Extension";
			sourceTree = "<group>";
		};
		228DC1E81FA32264002AA12B /* RunLoop */ = {
			isa = PBXGroup;
			children = (
				22370A131F2F272A005E30D9 /* LMRunloopViewController.m */,
				22370A121F2F272A005E30D9 /* LMRunloopViewController.h */,
			);
			path = RunLoop;
			sourceTree = "<group>";
		};
		228DC1E91FA3227D002AA12B /* Runtime */ = {
			isa = PBXGroup;
			children = (
				2241F13A1E6956370063B144 /* RuntimeKit.h */,
				2241F13B1E6956370063B144 /* RuntimeKit.m */,
				2241F13D1E695D830063B144 /* RuntimeTestClass.h */,
				2241F13E1E695D830063B144 /* RuntimeTestClass.m */,
				22370A151F2F274E005E30D9 /* LMRumtimeViewController.h */,
				22370A161F2F274E005E30D9 /* LMRumtimeViewController.m */,
				225DE3E9202AF4C800C42407 /* AspectProxy.h */,
				225DE3EA202AF4C800C42407 /* AspectProxy.m */,
				224025E02016D62200104A6A /* LMRuntimeBasicTestViewController.h */,
				224025E12016D62200104A6A /* LMRuntimeBasicTestViewController.m */,
			);
			path = Runtime;
			sourceTree = "<group>";
		};
		228DC1EA1FA32294002AA12B /* KVO-KVC */ = {
			isa = PBXGroup;
			children = (
				2242C6CA1E5AC0EE0054F889 /* NSObject+KVO.h */,
				2242C6CB1E5AC0EE0054F889 /* NSObject+KVO.m */,
				22370A181F2F2779005E30D9 /* LMKVOViewController.h */,
				22370A191F2F2779005E30D9 /* LMKVOViewController.m */,
				22370A1B1F2F2787005E30D9 /* LMKVCViewController.h */,
				22370A1C1F2F2787005E30D9 /* LMKVCViewController.m */,
				225FA7F41F3DA048001CBF16 /* LMTestKVCObject.h */,
				225FA7F51F3DA048001CBF16 /* LMTestKVCObject.m */,
			);
			path = "KVO-KVC";
			sourceTree = "<group>";
		};
		228DC1EB1FA322C0002AA12B /* JS&Native */ = {
			isa = PBXGroup;
			children = (
			);
			path = "JS&Native";
			sourceTree = "<group>";
		};
		228DC1F01FA32431002AA12B /* CYPullRefresh */ = {
			isa = PBXGroup;
			children = (
				228DC1F11FA3244D002AA12B /* UIScrollView+CYPullRefresh.h */,
				228DC1F21FA3244D002AA12B /* UIScrollView+CYPullRefresh.m */,
			);
			path = CYPullRefresh;
			sourceTree = "<group>";
		};
		22ADDEC7209065F100EF9E51 /* instruments */ = {
			isa = PBXGroup;
			children = (
				22ADDEC82090663000EF9E51 /* MAYCustomMainThreadWatcher.h */,
				22ADDEC92090663000EF9E51 /* MAYCustomMainThreadWatcher.m */,
			);
			path = instruments;
			sourceTree = "<group>";
		};
		22DFF89820CFB1BF00C013A8 /* Crash */ = {
			isa = PBXGroup;
			children = (
				22DFF89920CFB23400C013A8 /* NSObject+AddNotifyEvent.h */,
				22DFF89A20CFB23400C013A8 /* NSObject+AddNotifyEvent.m */,
			);
			path = Crash;
			sourceTree = "<group>";
		};
/* End PBXGroup section */

/* Begin PBXNativeTarget section */
		2242C6901E5ABE4F0054F889 /* LMStudyBasicDemo */ = {
			isa = PBXNativeTarget;
			buildConfigurationList = 2242C6C11E5ABE4F0054F889 /* Build configuration list for PBXNativeTarget "LMStudyBasicDemo" */;
			buildPhases = (
				2242C68D1E5ABE4F0054F889 /* Sources */,
				2242C68E1E5ABE4F0054F889 /* Frameworks */,
				2242C68F1E5ABE4F0054F889 /* Resources */,
			);
			buildRules = (
			);
			dependencies = (
			);
			name = LMStudyBasicDemo;
			productName = LMStudyBasicDemo;
			productReference = 2242C6911E5ABE4F0054F889 /* LMStudyBasicDemo.app */;
			productType = "com.apple.product-type.application";
		};
		2242C6AC1E5ABE4F0054F889 /* LMStudyBasicDemoTests */ = {
			isa = PBXNativeTarget;
			buildConfigurationList = 2242C6C41E5ABE4F0054F889 /* Build configuration list for PBXNativeTarget "LMStudyBasicDemoTests" */;
			buildPhases = (
				2242C6A91E5ABE4F0054F889 /* Sources */,
				2242C6AA1E5ABE4F0054F889 /* Frameworks */,
				2242C6AB1E5ABE4F0054F889 /* Resources */,
			);
			buildRules = (
			);
			dependencies = (
				2242C6AF1E5ABE4F0054F889 /* PBXTargetDependency */,
			);
			name = LMStudyBasicDemoTests;
			productName = LMStudyBasicDemoTests;
			productReference = 2242C6AD1E5ABE4F0054F889 /* LMStudyBasicDemoTests.xctest */;
			productType = "com.apple.product-type.bundle.unit-test";
		};
		2242C6B71E5ABE4F0054F889 /* LMStudyBasicDemoUITests */ = {
			isa = PBXNativeTarget;
			buildConfigurationList = 2242C6C71E5ABE4F0054F889 /* Build configuration list for PBXNativeTarget "LMStudyBasicDemoUITests" */;
			buildPhases = (
				2242C6B41E5ABE4F0054F889 /* Sources */,
				2242C6B51E5ABE4F0054F889 /* Frameworks */,
				2242C6B61E5ABE4F0054F889 /* Resources */,
			);
			buildRules = (
			);
			dependencies = (
				2242C6BA1E5ABE4F0054F889 /* PBXTargetDependency */,
			);
			name = LMStudyBasicDemoUITests;
			productName = LMStudyBasicDemoUITests;
			productReference = 2242C6B81E5ABE4F0054F889 /* LMStudyBasicDemoUITests.xctest */;
			productType = "com.apple.product-type.bundle.ui-testing";
		};
/* End PBXNativeTarget section */

/* Begin PBXProject section */
		2242C6891E5ABE4F0054F889 /* Project object */ = {
			isa = PBXProject;
			attributes = {
				LastUpgradeCheck = 0810;
				ORGANIZATIONNAME = LM;
				TargetAttributes = {
					2242C6901E5ABE4F0054F889 = {
						CreatedOnToolsVersion = 8.1;
						DevelopmentTeam = B2HJPX5DWF;
						ProvisioningStyle = Automatic;
					};
					2242C6AC1E5ABE4F0054F889 = {
						CreatedOnToolsVersion = 8.1;
						DevelopmentTeam = B2HJPX5DWF;
						ProvisioningStyle = Automatic;
						TestTargetID = 2242C6901E5ABE4F0054F889;
					};
					2242C6B71E5ABE4F0054F889 = {
						CreatedOnToolsVersion = 8.1;
						DevelopmentTeam = B2HJPX5DWF;
						ProvisioningStyle = Automatic;
						TestTargetID = 2242C6901E5ABE4F0054F889;
					};
				};
			};
			buildConfigurationList = 2242C68C1E5ABE4F0054F889 /* Build configuration list for PBXProject "LMStudyBasicDemo" */;
			compatibilityVersion = "Xcode 3.2";
			developmentRegion = English;
			hasScannedForEncodings = 0;
			knownRegions = (
				en,
				Base,
			);
			mainGroup = 2242C6881E5ABE4F0054F889;
			productRefGroup = 2242C6921E5ABE4F0054F889 /* Products */;
			projectDirPath = "";
			projectRoot = "";
			targets = (
				2242C6901E5ABE4F0054F889 /* LMStudyBasicDemo */,
				2242C6AC1E5ABE4F0054F889 /* LMStudyBasicDemoTests */,
				2242C6B71E5ABE4F0054F889 /* LMStudyBasicDemoUITests */,
			);
		};
/* End PBXProject section */

/* Begin PBXResourcesBuildPhase section */
		2242C68F1E5ABE4F0054F889 /* Resources */ = {
			isa = PBXResourcesBuildPhase;
			buildActionMask = 2147483647;
			files = (
				2242C6A71E5ABE4F0054F889 /* LaunchScreen.storyboard in Resources */,
				2242C6A41E5ABE4F0054F889 /* Assets.xcassets in Resources */,
				220FE3921F7A4A560090F1F0 /* ImageIcon.xcassets in Resources */,
				2242C69F1E5ABE4F0054F889 /* Main.storyboard in Resources */,
			);
			runOnlyForDeploymentPostprocessing = 0;
		};
		2242C6AB1E5ABE4F0054F889 /* Resources */ = {
			isa = PBXResourcesBuildPhase;
			buildActionMask = 2147483647;
			files = (
			);
			runOnlyForDeploymentPostprocessing = 0;
		};
		2242C6B61E5ABE4F0054F889 /* Resources */ = {
			isa = PBXResourcesBuildPhase;
			buildActionMask = 2147483647;
			files = (
			);
			runOnlyForDeploymentPostprocessing = 0;
		};
/* End PBXResourcesBuildPhase section */

/* Begin PBXSourcesBuildPhase section */
		2242C68D1E5ABE4F0054F889 /* Sources */ = {
			isa = PBXSourcesBuildPhase;
			buildActionMask = 2147483647;
			files = (
				220FE38D1F7A44930090F1F0 /* UIScrollView+LMRefreshHeaderView.m in Sources */,
				220F76A821100F9A0083E219 /* LMAudioRecordViewController.m in Sources */,
				220F76AA21100F9A0083E219 /* LMAudioViewController.m in Sources */,
				228DC1E41FA321EC002AA12B /* AnimatedGIFImageSerialization.m in Sources */,
				22ADDECA2090663000EF9E51 /* MAYCustomMainThreadWatcher.m in Sources */,
				22454E60202D52EB0042A016 /* LMLockViewController.m in Sources */,
				2242C69C1E5ABE4F0054F889 /* LMRootViewController.m in Sources */,
				227297391F43F3FF00B00B74 /* NSObject+LMDescription.m in Sources */,
				224025E22016D62200104A6A /* LMRuntimeBasicTestViewController.m in Sources */,
				22370A141F2F272A005E30D9 /* LMRunloopViewController.m in Sources */,
				227297361F42956400B00B74 /* LMBasicDeviceInfoObject.m in Sources */,
				22370A1D1F2F2787005E30D9 /* LMKVCViewController.m in Sources */,
				2242C6991E5ABE4F0054F889 /* AppDelegate.m in Sources */,
				227C8C79204CDDAD005899BB /* LMClockView.m in Sources */,
				227D7FC7206DE06A0075B5A5 /* LMThreadViewController.m in Sources */,
				22370A171F2F274E005E30D9 /* LMRumtimeViewController.m in Sources */,
				228DC1F31FA3244D002AA12B /* UIScrollView+CYPullRefresh.m in Sources */,
				220FE3871F79FC780090F1F0 /* LMRefreshBaseView.m in Sources */,
				2242C6CC1E5AC0EE0054F889 /* NSObject+KVO.m in Sources */,
				220FE3901F7A46190090F1F0 /* LMRefreshTestViewController.m in Sources */,
				2241F13C1E6956370063B144 /* RuntimeKit.m in Sources */,
				222D0F6E20849E5D00D90AD3 /* LMThreadSafeTestViewController.m in Sources */,
				2242C6A21E5ABE4F0054F889 /* LMStudyBasicDemo.xcdatamodeld in Sources */,
				225FA7FD1F3DB804001CBF16 /* UIButton+titleImageStyle.m in Sources */,
				227C8C732048EA3C005899BB /* LMCoreAnimationMainViewController.m in Sources */,
				228EAB0D205674C8005D478A /* LMScrollLayerView.m in Sources */,
				22370A1A1F2F2779005E30D9 /* LMKVOViewController.m in Sources */,
				225FA7F61F3DA048001CBF16 /* LMTestKVCObject.m in Sources */,
				225DE3EB202AF4C800C42407 /* AspectProxy.m in Sources */,
				2242C6961E5ABE4F0054F889 /* main.m in Sources */,
				220F76AB21100F9A0083E219 /* LMAudioReplicatorAnimationView.m in Sources */,
				220FE38A1F7A2D1A0090F1F0 /* MAYRefreshHeaderView.m in Sources */,
				2241F13F1E695D830063B144 /* RuntimeTestClass.m in Sources */,
				22DFF89B20CFB23400C013A8 /* NSObject+AddNotifyEvent.m in Sources */,
				220F76A921100F9A0083E219 /* LMAudioPlayViewController.m in Sources */,
			);
			runOnlyForDeploymentPostprocessing = 0;
		};
		2242C6A91E5ABE4F0054F889 /* Sources */ = {
			isa = PBXSourcesBuildPhase;
			buildActionMask = 2147483647;
			files = (
				2242C6B21E5ABE4F0054F889 /* LMStudyBasicDemoTests.m in Sources */,
			);
			runOnlyForDeploymentPostprocessing = 0;
		};
		2242C6B41E5ABE4F0054F889 /* Sources */ = {
			isa = PBXSourcesBuildPhase;
			buildActionMask = 2147483647;
			files = (
				2242C6BD1E5ABE4F0054F889 /* LMStudyBasicDemoUITests.m in Sources */,
			);
			runOnlyForDeploymentPostprocessing = 0;
		};
/* End PBXSourcesBuildPhase section */

/* Begin PBXTargetDependency section */
		2242C6AF1E5ABE4F0054F889 /* PBXTargetDependency */ = {
			isa = PBXTargetDependency;
			target = 2242C6901E5ABE4F0054F889 /* LMStudyBasicDemo */;
			targetProxy = 2242C6AE1E5ABE4F0054F889 /* PBXContainerItemProxy */;
		};
		2242C6BA1E5ABE4F0054F889 /* PBXTargetDependency */ = {
			isa = PBXTargetDependency;
			target = 2242C6901E5ABE4F0054F889 /* LMStudyBasicDemo */;
			targetProxy = 2242C6B91E5ABE4F0054F889 /* PBXContainerItemProxy */;
		};
/* End PBXTargetDependency section */

/* Begin PBXVariantGroup section */
		2242C69D1E5ABE4F0054F889 /* Main.storyboard */ = {
			isa = PBXVariantGroup;
			children = (
				2242C69E1E5ABE4F0054F889 /* Base */,
			);
			name = Main.storyboard;
			sourceTree = "<group>";
		};
		2242C6A51E5ABE4F0054F889 /* LaunchScreen.storyboard */ = {
			isa = PBXVariantGroup;
			children = (
				2242C6A61E5ABE4F0054F889 /* Base */,
			);
			name = LaunchScreen.storyboard;
			sourceTree = "<group>";
		};
/* End PBXVariantGroup section */

/* Begin XCBuildConfiguration section */
		2242C6BF1E5ABE4F0054F889 /* Debug */ = {
			isa = XCBuildConfiguration;
			buildSettings = {
				ALWAYS_SEARCH_USER_PATHS = NO;
				CLANG_ANALYZER_NONNULL = YES;
				CLANG_CXX_LANGUAGE_STANDARD = "gnu++0x";
				CLANG_CXX_LIBRARY = "libc++";
				CLANG_ENABLE_MODULES = YES;
				CLANG_ENABLE_OBJC_ARC = YES;
				CLANG_WARN_BOOL_CONVERSION = YES;
				CLANG_WARN_CONSTANT_CONVERSION = YES;
				CLANG_WARN_DIRECT_OBJC_ISA_USAGE = YES_ERROR;
				CLANG_WARN_DOCUMENTATION_COMMENTS = YES;
				CLANG_WARN_EMPTY_BODY = YES;
				CLANG_WARN_ENUM_CONVERSION = YES;
				CLANG_WARN_INFINITE_RECURSION = YES;
				CLANG_WARN_INT_CONVERSION = YES;
				CLANG_WARN_OBJC_ROOT_CLASS = YES_ERROR;
				CLANG_WARN_SUSPICIOUS_MOVES = YES;
				CLANG_WARN_UNREACHABLE_CODE = YES;
				CLANG_WARN__DUPLICATE_METHOD_MATCH = YES;
				"CODE_SIGN_IDENTITY[sdk=iphoneos*]" = "iPhone Developer";
				COPY_PHASE_STRIP = NO;
				DEBUG_INFORMATION_FORMAT = dwarf;
				ENABLE_STRICT_OBJC_MSGSEND = YES;
				ENABLE_TESTABILITY = YES;
				GCC_C_LANGUAGE_STANDARD = gnu99;
				GCC_DYNAMIC_NO_PIC = NO;
				GCC_NO_COMMON_BLOCKS = YES;
				GCC_OPTIMIZATION_LEVEL = 0;
				GCC_PREPROCESSOR_DEFINITIONS = (
					"DEBUG=1",
					"$(inherited)",
				);
				GCC_WARN_64_TO_32_BIT_CONVERSION = YES;
				GCC_WARN_ABOUT_RETURN_TYPE = YES_ERROR;
				GCC_WARN_UNDECLARED_SELECTOR = YES;
				GCC_WARN_UNINITIALIZED_AUTOS = YES_AGGRESSIVE;
				GCC_WARN_UNUSED_FUNCTION = YES;
				GCC_WARN_UNUSED_VARIABLE = YES;
				IPHONEOS_DEPLOYMENT_TARGET = 10.1;
				MTL_ENABLE_DEBUG_INFO = YES;
				ONLY_ACTIVE_ARCH = YES;
				SDKROOT = iphoneos;
				TARGETED_DEVICE_FAMILY = "1,2";
			};
			name = Debug;
		};
		2242C6C01E5ABE4F0054F889 /* Release */ = {
			isa = XCBuildConfiguration;
			buildSettings = {
				ALWAYS_SEARCH_USER_PATHS = NO;
				CLANG_ANALYZER_NONNULL = YES;
				CLANG_CXX_LANGUAGE_STANDARD = "gnu++0x";
				CLANG_CXX_LIBRARY = "libc++";
				CLANG_ENABLE_MODULES = YES;
				CLANG_ENABLE_OBJC_ARC = YES;
				CLANG_WARN_BOOL_CONVERSION = YES;
				CLANG_WARN_CONSTANT_CONVERSION = YES;
				CLANG_WARN_DIRECT_OBJC_ISA_USAGE = YES_ERROR;
				CLANG_WARN_DOCUMENTATION_COMMENTS = YES;
				CLANG_WARN_EMPTY_BODY = YES;
				CLANG_WARN_ENUM_CONVERSION = YES;
				CLANG_WARN_INFINITE_RECURSION = YES;
				CLANG_WARN_INT_CONVERSION = YES;
				CLANG_WARN_OBJC_ROOT_CLASS = YES_ERROR;
				CLANG_WARN_SUSPICIOUS_MOVES = YES;
				CLANG_WARN_UNREACHABLE_CODE = YES;
				CLANG_WARN__DUPLICATE_METHOD_MATCH = YES;
				"CODE_SIGN_IDENTITY[sdk=iphoneos*]" = "iPhone Developer";
				COPY_PHASE_STRIP = NO;
				DEBUG_INFORMATION_FORMAT = "dwarf-with-dsym";
				ENABLE_NS_ASSERTIONS = NO;
				ENABLE_STRICT_OBJC_MSGSEND = YES;
				GCC_C_LANGUAGE_STANDARD = gnu99;
				GCC_NO_COMMON_BLOCKS = YES;
				GCC_WARN_64_TO_32_BIT_CONVERSION = YES;
				GCC_WARN_ABOUT_RETURN_TYPE = YES_ERROR;
				GCC_WARN_UNDECLARED_SELECTOR = YES;
				GCC_WARN_UNINITIALIZED_AUTOS = YES_AGGRESSIVE;
				GCC_WARN_UNUSED_FUNCTION = YES;
				GCC_WARN_UNUSED_VARIABLE = YES;
				IPHONEOS_DEPLOYMENT_TARGET = 10.1;
				MTL_ENABLE_DEBUG_INFO = NO;
				SDKROOT = iphoneos;
				TARGETED_DEVICE_FAMILY = "1,2";
				VALIDATE_PRODUCT = YES;
			};
			name = Release;
		};
		2242C6C21E5ABE4F0054F889 /* Debug */ = {
			isa = XCBuildConfiguration;
			buildSettings = {
				ASSETCATALOG_COMPILER_APPICON_NAME = AppIcon;
				DEVELOPMENT_TEAM = B2HJPX5DWF;
				INFOPLIST_FILE = LMStudyBasicDemo/Info.plist;
				LD_RUNPATH_SEARCH_PATHS = "$(inherited) @executable_path/Frameworks";
				PRODUCT_BUNDLE_IDENTIFIER = studyDemo.com.LMStudyBasicDemo;
				PRODUCT_NAME = "$(TARGET_NAME)";
			};
			name = Debug;
		};
		2242C6C31E5ABE4F0054F889 /* Release */ = {
			isa = XCBuildConfiguration;
			buildSettings = {
				ASSETCATALOG_COMPILER_APPICON_NAME = AppIcon;
				DEVELOPMENT_TEAM = B2HJPX5DWF;
				INFOPLIST_FILE = LMStudyBasicDemo/Info.plist;
				LD_RUNPATH_SEARCH_PATHS = "$(inherited) @executable_path/Frameworks";
				PRODUCT_BUNDLE_IDENTIFIER = studyDemo.com.LMStudyBasicDemo;
				PRODUCT_NAME = "$(TARGET_NAME)";
			};
			name = Release;
		};
		2242C6C51E5ABE4F0054F889 /* Debug */ = {
			isa = XCBuildConfiguration;
			buildSettings = {
				BUNDLE_LOADER = "$(TEST_HOST)";
				DEVELOPMENT_TEAM = B2HJPX5DWF;
				INFOPLIST_FILE = LMStudyBasicDemoTests/Info.plist;
				LD_RUNPATH_SEARCH_PATHS = "$(inherited) @executable_path/Frameworks @loader_path/Frameworks";
				PRODUCT_BUNDLE_IDENTIFIER = studyDemo.com.LMStudyBasicDemoTests;
				PRODUCT_NAME = "$(TARGET_NAME)";
				TEST_HOST = "$(BUILT_PRODUCTS_DIR)/LMStudyBasicDemo.app/LMStudyBasicDemo";
			};
			name = Debug;
		};
		2242C6C61E5ABE4F0054F889 /* Release */ = {
			isa = XCBuildConfiguration;
			buildSettings = {
				BUNDLE_LOADER = "$(TEST_HOST)";
				DEVELOPMENT_TEAM = B2HJPX5DWF;
				INFOPLIST_FILE = LMStudyBasicDemoTests/Info.plist;
				LD_RUNPATH_SEARCH_PATHS = "$(inherited) @executable_path/Frameworks @loader_path/Frameworks";
				PRODUCT_BUNDLE_IDENTIFIER = studyDemo.com.LMStudyBasicDemoTests;
				PRODUCT_NAME = "$(TARGET_NAME)";
				TEST_HOST = "$(BUILT_PRODUCTS_DIR)/LMStudyBasicDemo.app/LMStudyBasicDemo";
			};
			name = Release;
		};
		2242C6C81E5ABE4F0054F889 /* Debug */ = {
			isa = XCBuildConfiguration;
			buildSettings = {
				DEVELOPMENT_TEAM = B2HJPX5DWF;
				INFOPLIST_FILE = LMStudyBasicDemoUITests/Info.plist;
				LD_RUNPATH_SEARCH_PATHS = "$(inherited) @executable_path/Frameworks @loader_path/Frameworks";
				PRODUCT_BUNDLE_IDENTIFIER = studyDemo.com.LMStudyBasicDemoUITests;
				PRODUCT_NAME = "$(TARGET_NAME)";
				TEST_TARGET_NAME = LMStudyBasicDemo;
			};
			name = Debug;
		};
		2242C6C91E5ABE4F0054F889 /* Release */ = {
			isa = XCBuildConfiguration;
			buildSettings = {
				DEVELOPMENT_TEAM = B2HJPX5DWF;
				INFOPLIST_FILE = LMStudyBasicDemoUITests/Info.plist;
				LD_RUNPATH_SEARCH_PATHS = "$(inherited) @executable_path/Frameworks @loader_path/Frameworks";
				PRODUCT_BUNDLE_IDENTIFIER = studyDemo.com.LMStudyBasicDemoUITests;
				PRODUCT_NAME = "$(TARGET_NAME)";
				TEST_TARGET_NAME = LMStudyBasicDemo;
			};
			name = Release;
		};
/* End XCBuildConfiguration section */

/* Begin XCConfigurationList section */
		2242C68C1E5ABE4F0054F889 /* Build configuration list for PBXProject "LMStudyBasicDemo" */ = {
			isa = XCConfigurationList;
			buildConfigurations = (
				2242C6BF1E5ABE4F0054F889 /* Debug */,
				2242C6C01E5ABE4F0054F889 /* Release */,
			);
			defaultConfigurationIsVisible = 0;
			defaultConfigurationName = Release;
		};
		2242C6C11E5ABE4F0054F889 /* Build configuration list for PBXNativeTarget "LMStudyBasicDemo" */ = {
			isa = XCConfigurationList;
			buildConfigurations = (
				2242C6C21E5ABE4F0054F889 /* Debug */,
				2242C6C31E5ABE4F0054F889 /* Release */,
			);
			defaultConfigurationIsVisible = 0;
			defaultConfigurationName = Release;
		};
		2242C6C41E5ABE4F0054F889 /* Build configuration list for PBXNativeTarget "LMStudyBasicDemoTests" */ = {
			isa = XCConfigurationList;
			buildConfigurations = (
				2242C6C51E5ABE4F0054F889 /* Debug */,
				2242C6C61E5ABE4F0054F889 /* Release */,
			);
			defaultConfigurationIsVisible = 0;
			defaultConfigurationName = Release;
		};
		2242C6C71E5ABE4F0054F889 /* Build configuration list for PBXNativeTarget "LMStudyBasicDemoUITests" */ = {
			isa = XCConfigurationList;
			buildConfigurations = (
				2242C6C81E5ABE4F0054F889 /* Debug */,
				2242C6C91E5ABE4F0054F889 /* Release */,
			);
			defaultConfigurationIsVisible = 0;
			defaultConfigurationName = Release;
		};
/* End XCConfigurationList section */

/* Begin XCVersionGroup section */
		2242C6A01E5ABE4F0054F889 /* LMStudyBasicDemo.xcdatamodeld */ = {
			isa = XCVersionGroup;
			children = (
				2242C6A11E5ABE4F0054F889 /* LMStudyBasicDemo.xcdatamodel */,
			);
			currentVersion = 2242C6A11E5ABE4F0054F889 /* LMStudyBasicDemo.xcdatamodel */;
			path = LMStudyBasicDemo.xcdatamodeld;
			sourceTree = "<group>";
			versionGroupType = wrapper.xcdatamodel;
		};
/* End XCVersionGroup section */
	};
	rootObject = 2242C6891E5ABE4F0054F889 /* Project object */;
}
